uuid: 5fc4aaa3-df48-4b77-a02c-7001338ebec9
langcode: en
status: true
dependencies:
  module:
    - social_post
    - system
  theme:
    - socialblue
_core:
  default_config_hash: Keolfk9f2yJvo-tVh71uqBoVc2jm2oCVvhvjHciUayA
id: socialblue_postonprofileblock
theme: socialblue
region: hidden
weight: -9
provider: null
plugin: post_profile_block
settings:
  id: post_profile_block
  label: 'Post on profile block'
  label_display: '0'
  provider: social_post
visibility:
  request_path:
    id: request_path
    negate: false
    context_mapping: {  }
    pages: '/user/*/stream'
